
Microsoft Visual Studio Solution File, Format Version 12.00
# Visual Studio Version 16
VisualStudioVersion = 16.0.33423.256
MinimumVisualStudioVersion = 10.0.40219.1
Project("{FAE04EC0-301F-11D3-BF4B-00C04F79EFBC}") = "Platform", "Platform\Platform.csproj", "{D305CDB3-A4AD-4DDF-B119-196CA360EDF2}"
EndProject
Global
	GlobalSection(SolutionConfigurationPlatforms) = preSolution
		Debug|Any CPU = Debug|Any CPU
		Release|Any CPU = Release|Any CPU
	EndGlobalSection
	GlobalSection(ProjectConfigurationPlatforms) = postSolution
		{D305CDB3-A4AD-4DDF-B119-196CA360EDF2}.Debug|Any CPU.ActiveCfg = Debug|Any CPU
		{D305CDB3-A4AD-4DDF-B119-196CA360EDF2}.Debug|Any CPU.Build.0 = Debug|Any CPU
		{D305CDB3-A4AD-4DDF-B119-196CA360EDF2}.Release|Any CPU.ActiveCfg = Release|Any CPU
		{D305CDB3-A4AD-4DDF-B119-196CA360EDF2}.Release|Any CPU.Build.0 = Release|Any CPU
	EndGlobalSection
	GlobalSection(SolutionProperties) = preSolution
		HideSolutionNode = FALSE
	EndGlobalSection
	GlobalSection(ExtensibilityGlobals) = postSolution
		SolutionGuid = {D8F0DAAC-9D8C-4187-A6AA-11E0F5F1669D}
	EndGlobalSection
EndGlobal
